# This file was autogenerated by Stack.
# You should not edit this file by hand.
# For more information, please see the documentation at:
#   https://docs.haskellstack.org/en/stable/lock_files

packages:
- completed:
    hackage: postgresql-simple-migration-0.1.15.0@sha256:0e24e96908430f5caf9c1c1d9ca7c5c108e4e0409a255e2cbd77e8cd252dbb02,3879
    pantry-tree:
      size: 766
      sha256: c2843bfe43b804992bc913f33ec6b2c6cb0fc99c6d931b6ff85894e8aef9a99e
  original:
    hackage: postgresql-simple-migration-0.1.15.0
- completed:
    hackage: text-time-0.3.1@sha256:c4301ea47bcb72deb60b0be25cf6f6b693a34a862ea9a8e9bc8b9a750e0857e9,1757
    pantry-tree:
      size: 638
      sha256: 0f3cc12775c099769901af4708a4ac04cdc9cbca8b22747be0c82c9c916d7e24
  original:
    hackage: text-time-0.3.1
- completed:
    hackage: string-random-0.1.3.0@sha256:0de5969191f326616f002f64031ffbad31a9b5d71f9d17e16a005379e0a137f9,2439
    pantry-tree:
      size: 489
      sha256: 31e80448992dc8642295172aee17de0179ff037c15b4eee4b4050a925430c7bf
  original:
    hackage: string-random-0.1.3.0
- completed:
    hackage: attoparsec-0.13.2.4@sha256:e10c2a5070a344a0973e6f9486d148c690b6955468cfd61ee09a41b5adc48873,5735
    pantry-tree:
      size: 5231
      sha256: 1098f9aaf18a8ad0ee10019d929920c96be87cded84cbb90d78ab0e7a4264ea4
  original:
    hackage: attoparsec-0.13.2.4
- completed:
    hackage: basic-prelude-0.7.0@sha256:efe61aec70e6f523435d46fcd18587f28febbb1bc7d20d20e5aa249d93ed9e96,1251
    pantry-tree:
      size: 377
      sha256: c32802b5ecbd49d0c73f3302ada16aeb33e55d9be49e38c84fb4bd700aae9fb8
  original:
    hackage: basic-prelude-0.7.0
- completed:
    hackage: template-haskell-2.15.0.0@sha256:6e803fbff5069effa18a921c76b3fed4535542e0721b464f38012b2f9eb66562,1894
    pantry-tree:
      size: 850
      sha256: f791cf4dc36c6205e259019389bff7c4a146ef06117f36d63a571521d147779b
  original:
    hackage: template-haskell-2.15.0.0
snapshots:
- completed:
    size: 532380
    url: https://raw.githubusercontent.com/commercialhaskell/stackage-snapshots/master/lts/16/16.yaml
    sha256: d6b004b095fe2a0b8b14fbc30014ee97e58843b9c9362ddb9244273dda62649e
  original: lts-16.16
